
Microsoft Visual Studio Solution File, Format Version 12.00
# Visual Studio Version 17
VisualStudioVersion = 17.3.32929.385
MinimumVisualStudioVersion = 10.0.40219.1
Project("{9A19103F-16F7-4668-BE54-9A1E7A4F7556}") = "SinkingFeeling", "sinking-feeling.csproj", "{76FF54FE-C343-4EB6-8D09-F0A87F37B1DC}"
EndProject
Global
	GlobalSection(SolutionConfigurationPlatforms) = preSolution
		Debug|Any CPU = Debug|Any CPU
		Release|Any CPU = Release|Any CPU
	EndGlobalSection
	GlobalSection(ProjectConfigurationPlatforms) = postSolution
		{76FF54FE-C343-4EB6-8D09-F0A87F37B1DC}.Debug|Any CPU.ActiveCfg = Debug|Any CPU
		{76FF54FE-C343-4EB6-8D09-F0A87F37B1DC}.Debug|Any CPU.Build.0 = Debug|Any CPU
		{76FF54FE-C343-4EB6-8D09-F0A87F37B1DC}.Release|Any CPU.ActiveCfg = Release|Any CPU
		{76FF54FE-C343-4EB6-8D09-F0A87F37B1DC}.Release|Any CPU.Build.0 = Release|Any CPU
	EndGlobalSection
	GlobalSection(SolutionProperties) = preSolution
		HideSolutionNode = FALSE
	EndGlobalSection
	GlobalSection(ExtensibilityGlobals) = postSolution
		SolutionGuid = {2E2A92AC-4EBE-4184-B452-4E2943E98D94}
	EndGlobalSection
EndGlobal
